github.com/anvithks/hugo-embed-pdf-shortcode v0.0.0-20230320040603-de797b1a64f9 h1:CQ+ocmfKAgDmA58hTDNOUHM5zPNhWkHvixuc3SH8oYw=
github.com/anvithks/hugo-embed-pdf-shortcode v0.0.0-20230320040603-de797b1a64f9/go.mod h1:GH5n45krznO4ECrqAt45nsj1giB4yuZgTJEmioYeuT8=
github.com/jpanther/congo/v2 v2.7.6 h1:gBz+Zx6PIVgMhknn0t9uOUQA0sSBFKhH4Miox/q9xew=
github.com/jpanther/congo/v2 v2.7.6/go.mod h1:1S7DRoO1ZYS4YUdFd1LjTkdyjQwsjFWd8TqSfz3Jd+M=
